
Microsoft Visual Studio Solution File, Format Version 12.00
# Visual Studio 15
VisualStudioVersion = 15.0.27703.2042
MinimumVisualStudioVersion = 10.0.40219.1
Project("{9A19103F-16F7-4668-BE54-9A1E7A4F7556}") = "DataTier.Common", "DataTier.Common.csproj", "{62D5739D-4935-411E-AA5E-B501B6991844}"
EndProject
Global
	GlobalSection(SolutionConfigurationPlatforms) = preSolution
		Debug|Any CPU = Debug|Any CPU
		Release|Any CPU = Release|Any CPU
	EndGlobalSection
	GlobalSection(ProjectConfigurationPlatforms) = postSolution
		{62D5739D-4935-411E-AA5E-B501B6991844}.Debug|Any CPU.ActiveCfg = Debug|Any CPU
		{62D5739D-4935-411E-AA5E-B501B6991844}.Debug|Any CPU.Build.0 = Debug|Any CPU
		{62D5739D-4935-411E-AA5E-B501B6991844}.Release|Any CPU.ActiveCfg = Release|Any CPU
		{62D5739D-4935-411E-AA5E-B501B6991844}.Release|Any CPU.Build.0 = Release|Any CPU
	EndGlobalSection
	GlobalSection(SolutionProperties) = preSolution
		HideSolutionNode = FALSE
	EndGlobalSection
	GlobalSection(ExtensibilityGlobals) = postSolution
		SolutionGuid = {D80B2DAA-1473-468C-8A7F-CB5BD36284E5}
	EndGlobalSection
EndGlobal
